
Microsoft Visual Studio Solution File, Format Version 12.00
# Visual Studio Version 16
VisualStudioVersion = 16.0.31313.79
MinimumVisualStudioVersion = 10.0.40219.1
Project("{9A19103F-16F7-4668-BE54-9A1E7A4F7556}") = "Humax.ESS", "Humax.ESS\Humax.ESS.csproj", "{604C8BA8-621D-44BB-AAF7-6FAEA43A65C9}"
EndProject
Project("{FAE04EC0-301F-11D3-BF4B-00C04F79EFBC}") = "OOS.Humax.Library", "OOS.Humax.Library\OOS.Humax.Library.csproj", "{65B1223D-0CB9-4606-94B6-C81C37673DC1}"
EndProject
Global
	GlobalSection(SolutionConfigurationPlatforms) = preSolution
		Debug|Any CPU = Debug|Any CPU
		Release|Any CPU = Release|Any CPU
	EndGlobalSection
	GlobalSection(ProjectConfigurationPlatforms) = postSolution
		{604C8BA8-621D-44BB-AAF7-6FAEA43A65C9}.Debug|Any CPU.ActiveCfg = Debug|Any CPU
		{604C8BA8-621D-44BB-AAF7-6FAEA43A65C9}.Debug|Any CPU.Build.0 = Debug|Any CPU
		{604C8BA8-621D-44BB-AAF7-6FAEA43A65C9}.Release|Any CPU.ActiveCfg = Release|Any CPU
		{604C8BA8-621D-44BB-AAF7-6FAEA43A65C9}.Release|Any CPU.Build.0 = Release|Any CPU
		{65B1223D-0CB9-4606-94B6-C81C37673DC1}.Debug|Any CPU.ActiveCfg = Debug|Any CPU
		{65B1223D-0CB9-4606-94B6-C81C37673DC1}.Debug|Any CPU.Build.0 = Debug|Any CPU
		{65B1223D-0CB9-4606-94B6-C81C37673DC1}.Release|Any CPU.ActiveCfg = Release|Any CPU
		{65B1223D-0CB9-4606-94B6-C81C37673DC1}.Release|Any CPU.Build.0 = Release|Any CPU
	EndGlobalSection
	GlobalSection(SolutionProperties) = preSolution
		HideSolutionNode = FALSE
	EndGlobalSection
	GlobalSection(ExtensibilityGlobals) = postSolution
		SolutionGuid = {9C6FA295-42BF-4CFB-B2E7-F4DFB985C6C8}
	EndGlobalSection
	GlobalSection(TeamFoundationVersionControl) = preSolution
		SccNumberOfProjects = 3
		SccEnterpriseProvider = {4CA58AB2-18FA-4F8D-95D4-32DDF27D184C}
		SccTeamFoundationServer = https://oosvn.visualstudio.com/
		SccLocalPath0 = .
		SccProjectUniqueName1 = Humax.ESS\\Humax.ESS.csproj
		SccProjectName1 = Humax.ESS
		SccLocalPath1 = Humax.ESS
		SccProjectUniqueName2 = OOS.Humax.Library\\OOS.Humax.Library.csproj
		SccProjectName2 = OOS.Humax.Library
		SccLocalPath2 = OOS.Humax.Library
	EndGlobalSection
EndGlobal
